
Microsoft Visual Studio Solution File, Format Version 12.00
# Visual Studio Version 16
VisualStudioVersion = 16.0.29709.97
MinimumVisualStudioVersion = 10.0.40219.1
Project("{FAE04EC0-301F-11D3-BF4B-00C04F79EFBC}") = "PSI_EML", "PSI_EML\PSI_EML.csproj", "{BE482C33-3413-4260-B2FB-69A573F8A1E4}"
EndProject
Global
	GlobalSection(SolutionConfigurationPlatforms) = preSolution
		Debug|Any CPU = Debug|Any CPU
		Release|Any CPU = Release|Any CPU
	EndGlobalSection
	GlobalSection(ProjectConfigurationPlatforms) = postSolution
		{BE482C33-3413-4260-B2FB-69A573F8A1E4}.Debug|Any CPU.ActiveCfg = Debug|Any CPU
		{BE482C33-3413-4260-B2FB-69A573F8A1E4}.Debug|Any CPU.Build.0 = Debug|Any CPU
		{BE482C33-3413-4260-B2FB-69A573F8A1E4}.Release|Any CPU.ActiveCfg = Release|Any CPU
		{BE482C33-3413-4260-B2FB-69A573F8A1E4}.Release|Any CPU.Build.0 = Release|Any CPU
	EndGlobalSection
	GlobalSection(SolutionProperties) = preSolution
		HideSolutionNode = FALSE
	EndGlobalSection
	GlobalSection(ExtensibilityGlobals) = postSolution
		SolutionGuid = {388324EB-6D6F-4FC9-AF4A-4947E5C23763}
	EndGlobalSection
EndGlobal
